
Microsoft Visual Studio Solution File, Format Version 12.00
# Visual Studio Version 17
VisualStudioVersion = 17.4.33122.133
MinimumVisualStudioVersion = 10.0.40219.1
Project("{FAE04EC0-301F-11D3-BF4B-00C04F79EFBC}") = "PersonalTracking", "PersonalTracking\PersonalTracking.csproj", "{99147682-7719-4776-A2B9-E4CD61A36FEF}"
EndProject
Project("{FAE04EC0-301F-11D3-BF4B-00C04F79EFBC}") = "BLL", "BLL\BLL.csproj", "{BC31B3B1-9BE4-4F64-BB54-05B9A6AE2659}"
EndProject
Project("{FAE04EC0-301F-11D3-BF4B-00C04F79EFBC}") = "DAL", "DAL\DAL.csproj", "{F470D454-5F07-4EF4-BC3B-C4F5DAA54A23}"
EndProject
Global
	GlobalSection(SolutionConfigurationPlatforms) = preSolution
		Debug|Any CPU = Debug|Any CPU
		Release|Any CPU = Release|Any CPU
	EndGlobalSection
	GlobalSection(ProjectConfigurationPlatforms) = postSolution
		{99147682-7719-4776-A2B9-E4CD61A36FEF}.Debug|Any CPU.ActiveCfg = Debug|Any CPU
		{99147682-7719-4776-A2B9-E4CD61A36FEF}.Debug|Any CPU.Build.0 = Debug|Any CPU
		{99147682-7719-4776-A2B9-E4CD61A36FEF}.Release|Any CPU.ActiveCfg = Release|Any CPU
		{99147682-7719-4776-A2B9-E4CD61A36FEF}.Release|Any CPU.Build.0 = Release|Any CPU
		{BC31B3B1-9BE4-4F64-BB54-05B9A6AE2659}.Debug|Any CPU.ActiveCfg = Debug|Any CPU
		{BC31B3B1-9BE4-4F64-BB54-05B9A6AE2659}.Debug|Any CPU.Build.0 = Debug|Any CPU
		{BC31B3B1-9BE4-4F64-BB54-05B9A6AE2659}.Release|Any CPU.ActiveCfg = Release|Any CPU
		{BC31B3B1-9BE4-4F64-BB54-05B9A6AE2659}.Release|Any CPU.Build.0 = Release|Any CPU
		{F470D454-5F07-4EF4-BC3B-C4F5DAA54A23}.Debug|Any CPU.ActiveCfg = Debug|Any CPU
		{F470D454-5F07-4EF4-BC3B-C4F5DAA54A23}.Debug|Any CPU.Build.0 = Debug|Any CPU
		{F470D454-5F07-4EF4-BC3B-C4F5DAA54A23}.Release|Any CPU.ActiveCfg = Release|Any CPU
		{F470D454-5F07-4EF4-BC3B-C4F5DAA54A23}.Release|Any CPU.Build.0 = Release|Any CPU
	EndGlobalSection
	GlobalSection(SolutionProperties) = preSolution
		HideSolutionNode = FALSE
	EndGlobalSection
	GlobalSection(ExtensibilityGlobals) = postSolution
		SolutionGuid = {402421D7-D92F-430A-97AB-C4DFDEB69056}
	EndGlobalSection
EndGlobal
